Microsoft Visual Studio Solution File, Format Version 11.00
# Visual Studio 2008

Project("{EA815139-7B9F-559C-0533-90BE5D087165}") = "TomCat", "Assembly-CSharp.csproj", "{5636F2E2-1FD3-F538-72BE-5D38FBC61195}"
EndProject
Project("{EA815139-7B9F-559C-0533-90BE5D087165}") = "TomCat", "Assembly-CSharp-Editor.csproj", "{7101C05E-38EF-9804-DA3D-F5BBA589067B}"
EndProject
Global
	GlobalSection(SolutionConfigurationPlatforms) = preSolution
		Debug|Any CPU = Debug|Any CPU
		Release|Any CPU = Release|Any CPU
	EndGlobalSection
	GlobalSection(ProjectConfigurationPlatforms) = postSolution
		{5636F2E2-1FD3-F538-72BE-5D38FBC61195}.Debug|Any CPU.ActiveCfg = Debug|Any CPU
		{5636F2E2-1FD3-F538-72BE-5D38FBC61195}.Debug|Any CPU.Build.0 = Debug|Any CPU
		{5636F2E2-1FD3-F538-72BE-5D38FBC61195}.Release|Any CPU.ActiveCfg = Release|Any CPU
		{5636F2E2-1FD3-F538-72BE-5D38FBC61195}.Release|Any CPU.Build.0 = Release|Any CPU
		{7101C05E-38EF-9804-DA3D-F5BBA589067B}.Debug|Any CPU.ActiveCfg = Debug|Any CPU
		{7101C05E-38EF-9804-DA3D-F5BBA589067B}.Debug|Any CPU.Build.0 = Debug|Any CPU
		{7101C05E-38EF-9804-DA3D-F5BBA589067B}.Release|Any CPU.ActiveCfg = Release|Any CPU
		{7101C05E-38EF-9804-DA3D-F5BBA589067B}.Release|Any CPU.Build.0 = Release|Any CPU
	EndGlobalSection
	GlobalSection(SolutionProperties) = preSolution
		HideSolutionNode = FALSE
	EndGlobalSection
																																																																																											GlobalSection(MonoDevelopProperties) = preSolution
		StartupItem = Assembly-CSharp.csproj
		Policies = $0
		$0.TextStylePolicy = $1
		$1.inheritsSet = null
		$1.scope = text/x-csharp
		$0.CSharpFormattingPolicy = $2
		$2.inheritsSet = Mono
		$2.inheritsScope = text/x-csharp
		$2.scope = text/x-csharp
		$0.TextStylePolicy = $3
		$3.FileWidth = 120
		$3.TabWidth = 4
		$3.IndentWidth = 4
		$3.EolMarker = Unix
		$3.inheritsSet = Mono
		$3.inheritsScope = text/plain
		$3.scope = text/plain
	EndGlobalSection

EndGlobal
